// !$*UTF8*$!
{
	archiveVersion = 1;
	classes = {
	};
	objectVersion = 46;
	objects = {

/* Begin PBXBuildFile section */
		8A59B0161ADD1C1900CCC4B6 /* main.m in Sources */ = {isa = PBXBuildFile; fileRef = 8A59B0151ADD1C1900CCC4B6 /* main.m */; };
		8A59B0191ADD1C1900CCC4B6 /* AppDelegate.m in Sources */ = {isa = PBXBuildFile; fileRef = 8A59B0181ADD1C1900CCC4B6 /* AppDelegate.m */; };
		8A59B01C1ADD1C1900CCC4B6 /* ViewController.m in Sources */ = {isa = PBXBuildFile; fileRef = 8A59B01B1ADD1C1900CCC4B6 /* ViewController.m */; };
		8A59B01F1ADD1C1900CCC4B6 /* Main.storyboard in Resources */ = {isa = PBXBuildFile; fileRef = 8A59B01D1ADD1C1900CCC4B6 /* Main.storyboard */; };
		8A59B0211ADD1C1900CCC4B6 /* Images.xcassets in Resources */ = {isa = PBXBuildFile; fileRef = 8A59B0201ADD1C1900CCC4B6 /* Images.xcassets */; };
		8A59B0241ADD1C1900CCC4B6 /* LaunchScreen.xib in Resources */ = {isa = PBXBuildFile; fileRef = 8A59B0221ADD1C1900CCC4B6 /* LaunchScreen.xib */; };
		8A59B0301ADD1C1900CCC4B6 /* week6labTests.m in Sources */ = {isa = PBXBuildFile; fileRef = 8A59B02F1ADD1C1900CCC4B6 /* week6labTests.m */; };
		8A59B03B1ADD1C3A00CCC4B6 /* Article.m in Sources */ = {isa = PBXBuildFile; fileRef = 8A59B03A1ADD1C3A00CCC4B6 /* Article.m */; };
		8A59B03E1ADD1DD200CCC4B6 /* NewsListViewController.m in Sources */ = {isa = PBXBuildFile; fileRef = 8A59B03D1ADD1DD200CCC4B6 /* NewsListViewController.m */; };
		8A59B0411ADD1DEA00CCC4B6 /* ArticleCell.m in Sources */ = {isa = PBXBuildFile; fileRef = 8A59B0401ADD1DEA00CCC4B6 /* ArticleCell.m */; };
		8A79C2B11ADE4FEB00288875 /* WebViewController.m in Sources */ = {isa = PBXBuildFile; fileRef = 8A79C2B01ADE4FEB00288875 /* WebViewController.m */; };
		8A79C2B51ADE68CC00288875 /* emptybox.gif in Resources */ = {isa = PBXBuildFile; fileRef = 8A79C2B41ADE68CC00288875 /* emptybox.gif */; };
/* End PBXBuildFile section */

/* Begin PBXContainerItemProxy section */
		8A59B02A1ADD1C1900CCC4B6 /* PBXContainerItemProxy */ = {
			isa = PBXContainerItemProxy;
			containerPortal = 8A59B0081ADD1C1900CCC4B6 /* Project object */;
			proxyType = 1;
			remoteGlobalIDString = 8A59B00F1ADD1C1900CCC4B6;
			remoteInfo = week6lab;
		};
/* End PBXContainerItemProxy section */

/* Begin PBXFileReference section */
		8A59B0101ADD1C1900CCC4B6 /* week6lab.app */ = {isa = PBXFileReference; explicitFileType = wrapper.application; includeInIndex = 0; path = week6lab.app; sourceTree = BUILT_PRODUCTS_DIR; };
		8A59B0141ADD1C1900CCC4B6 /* Info.plist */ = {isa = PBXFileReference; lastKnownFileType = text.plist.xml; path = Info.plist; sourceTree = "<group>"; };
		8A59B0151ADD1C1900CCC4B6 /* main.m */ = {isa = PBXFileReference; lastKnownFileType = sourcecode.c.objc; path = main.m; sourceTree = "<group>"; };
		8A59B0171ADD1C1900CCC4B6 /* AppDelegate.h */ = {isa = PBXFileReference; lastKnownFileType = sourcecode.c.h; path = AppDelegate.h; sourceTree = "<group>"; };
		8A59B0181ADD1C1900CCC4B6 /* AppDelegate.m */ = {isa = PBXFileReference; lastKnownFileType = sourcecode.c.objc; path = AppDelegate.m; sourceTree = "<group>"; };
		8A59B01A1ADD1C1900CCC4B6 /* ViewController.h */ = {isa = PBXFileReference; lastKnownFileType = sourcecode.c.h; path = ViewController.h; sourceTree = "<group>"; };
		8A59B01B1ADD1C1900CCC4B6 /* ViewController.m */ = {isa = PBXFileReference; lastKnownFileType = sourcecode.c.objc; path = ViewController.m; sourceTree = "<group>"; };
		8A59B01E1ADD1C1900CCC4B6 /* Base */ = {isa = PBXFileReference; lastKnownFileType = file.storyboard; name = Base; path = Base.lproj/Main.storyboard; sourceTree = "<group>"; };
		8A59B0201ADD1C1900CCC4B6 /* Images.xcassets */ = {isa = PBXFileReference; lastKnownFileType = folder.assetcatalog; path = Images.xcassets; sourceTree = "<group>"; };
		8A59B0231ADD1C1900CCC4B6 /* Base */ = {isa = PBXFileReference; lastKnownFileType = file.xib; name = Base; path = Base.lproj/LaunchScreen.xib; sourceTree = "<group>"; };
		8A59B0291ADD1C1900CCC4B6 /* week6labTests.xctest */ = {isa = PBXFileReference; explicitFileType = wrapper.cfbundle; includeInIndex = 0; path = week6labTests.xctest; sourceTree = BUILT_PRODUCTS_DIR; };
		8A59B02E1ADD1C1900CCC4B6 /* Info.plist */ = {isa = PBXFileReference; lastKnownFileType = text.plist.xml; path = Info.plist; sourceTree = "<group>"; };
		8A59B02F1ADD1C1900CCC4B6 /* week6labTests.m */ = {isa = PBXFileReference; lastKnownFileType = sourcecode.c.objc; path = week6labTests.m; sourceTree = "<group>"; };
		8A59B0391ADD1C3A00CCC4B6 /* Article.h */ = {isa = PBXFileReference; fileEncoding = 4; lastKnownFileType = sourcecode.c.h; path = Article.h; sourceTree = "<group>"; };
		8A59B03A1ADD1C3A00CCC4B6 /* Article.m */ = {isa = PBXFileReference; fileEncoding = 4; lastKnownFileType = sourcecode.c.objc; path = Article.m; sourceTree = "<group>"; };
		8A59B03C1ADD1DD200CCC4B6 /* NewsListViewController.h */ = {isa = PBXFileReference; fileEncoding = 4; lastKnownFileType = sourcecode.c.h; path = NewsListViewController.h; sourceTree = "<group>"; };
		8A59B03D1ADD1DD200CCC4B6 /* NewsListViewController.m */ = {isa = PBXFileReference; fileEncoding = 4; lastKnownFileType = sourcecode.c.objc; path = NewsListViewController.m; sourceTree = "<group>"; };
		8A59B03F1ADD1DEA00CCC4B6 /* ArticleCell.h */ = {isa = PBXFileReference; fileEncoding = 4; lastKnownFileType = sourcecode.c.h; path = ArticleCell.h; sourceTree = "<group>"; };
		8A59B0401ADD1DEA00CCC4B6 /* ArticleCell.m */ = {isa = PBXFileReference; fileEncoding = 4; lastKnownFileType = sourcecode.c.objc; path = ArticleCell.m; sourceTree = "<group>"; };
		8A79C2AF1ADE4FEB00288875 /* WebViewController.h */ = {isa = PBXFileReference; fileEncoding = 4; lastKnownFileType = sourcecode.c.h; path = WebViewController.h; sourceTree = "<group>"; };
		8A79C2B01ADE4FEB00288875 /* WebViewController.m */ = {isa = PBXFileReference; fileEncoding = 4; lastKnownFileType = sourcecode.c.objc; path = WebViewController.m; sourceTree = "<group>"; };
		8A79C2B41ADE68CC00288875 /* emptybox.gif */ = {isa = PBXFileReference; lastKnownFileType = image.gif; path = emptybox.gif; sourceTree = "<group>"; };
/* End PBXFileReference section */

/* Begin PBXFrameworksBuildPhase section */
		8A59B00D1ADD1C1900CCC4B6 /* Frameworks */ = {
			isa = PBXFrameworksBuildPhase;
			buildActionMask = 2147483647;
			files = (
			);
			runOnlyForDeploymentPostprocessing = 0;
		};
		8A59B0261ADD1C1900CCC4B6 /* Frameworks */ = {
			isa = PBXFrameworksBuildPhase;
			buildActionMask = 2147483647;
			files = (
			);
			runOnlyForDeploymentPostprocessing = 0;
		};
/* End PBXFrameworksBuildPhase section */

/* Begin PBXGroup section */
		8A59B0071ADD1C1900CCC4B6 = {
			isa = PBXGroup;
			children = (
				8A59B0121ADD1C1900CCC4B6 /* week6lab */,
				8A59B02C1ADD1C1900CCC4B6 /* week6labTests */,
				8A59B0111ADD1C1900CCC4B6 /* Products */,
			);
			sourceTree = "<group>";
		};
		8A59B0111ADD1C1900CCC4B6 /* Products */ = {
			isa = PBXGroup;
			children = (
				8A59B0101ADD1C1900CCC4B6 /* week6lab.app */,
				8A59B0291ADD1C1900CCC4B6 /* week6labTests.xctest */,
			);
			name = Products;
			sourceTree = "<group>";
		};
		8A59B0121ADD1C1900CCC4B6 /* week6lab */ = {
			isa = PBXGroup;
			children = (
				8A59B0171ADD1C1900CCC4B6 /* AppDelegate.h */,
				8A59B0181ADD1C1900CCC4B6 /* AppDelegate.m */,
				8A59B01A1ADD1C1900CCC4B6 /* ViewController.h */,
				8A59B01B1ADD1C1900CCC4B6 /* ViewController.m */,
				8A59B01D1ADD1C1900CCC4B6 /* Main.storyboard */,
				8A59B0201ADD1C1900CCC4B6 /* Images.xcassets */,
				8A59B0221ADD1C1900CCC4B6 /* LaunchScreen.xib */,
				8A59B0131ADD1C1900CCC4B6 /* Supporting Files */,
				8A59B0391ADD1C3A00CCC4B6 /* Article.h */,
				8A59B03A1ADD1C3A00CCC4B6 /* Article.m */,
				8A59B03C1ADD1DD200CCC4B6 /* NewsListViewController.h */,
				8A59B03D1ADD1DD200CCC4B6 /* NewsListViewController.m */,
				8A59B03F1ADD1DEA00CCC4B6 /* ArticleCell.h */,
				8A59B0401ADD1DEA00CCC4B6 /* ArticleCell.m */,
				8A79C2AF1ADE4FEB00288875 /* WebViewController.h */,
				8A79C2B01ADE4FEB00288875 /* WebViewController.m */,
			);
			path = week6lab;
			sourceTree = "<group>";
		};
		8A59B0131ADD1C1900CCC4B6 /* Supporting Files */ = {
			isa = PBXGroup;
			children = (
				8A79C2B41ADE68CC00288875 /* emptybox.gif */,
				8A59B0141ADD1C1900CCC4B6 /* Info.plist */,
				8A59B0151ADD1C1900CCC4B6 /* main.m */,
			);
			name = "Supporting Files";
			sourceTree = "<group>";
		};
		8A59B02C1ADD1C1900CCC4B6 /* week6labTests */ = {
			isa = PBXGroup;
			children = (
				8A59B02F1ADD1C1900CCC4B6 /* week6labTests.m */,
				8A59B02D1ADD1C1900CCC4B6 /* Supporting Files */,
			);
			path = week6labTests;
			sourceTree = "<group>";
		};
		8A59B02D1ADD1C1900CCC4B6 /* Supporting Files */ = {
			isa = PBXGroup;
			children = (
				8A59B02E1ADD1C1900CCC4B6 /* Info.plist */,
			);
			name = "Supporting Files";
			sourceTree = "<group>";
		};
/* End PBXGroup section */

/* Begin PBXNativeTarget section */
		8A59B00F1ADD1C1900CCC4B6 /* week6lab */ = {
			isa = PBXNativeTarget;
			buildConfigurationList = 8A59B0331ADD1C1900CCC4B6 /* Build configuration list for PBXNativeTarget "week6lab" */;
			buildPhases = (
				8A59B00C1ADD1C1900CCC4B6 /* Sources */,
				8A59B00D1ADD1C1900CCC4B6 /* Frameworks */,
				8A59B00E1ADD1C1900CCC4B6 /* Resources */,
			);
			buildRules = (
			);
			dependencies = (
			);
			name = week6lab;
			productName = week6lab;
			productReference = 8A59B0101ADD1C1900CCC4B6 /* week6lab.app */;
			productType = "com.apple.product-type.application";
		};
		8A59B0281ADD1C1900CCC4B6 /* week6labTests */ = {
			isa = PBXNativeTarget;
			buildConfigurationList = 8A59B0361ADD1C1900CCC4B6 /* Build configuration list for PBXNativeTarget "week6labTests" */;
			buildPhases = (
				8A59B0251ADD1C1900CCC4B6 /* Sources */,
				8A59B0261ADD1C1900CCC4B6 /* Frameworks */,
				8A59B0271ADD1C1900CCC4B6 /* Resources */,
			);
			buildRules = (
			);
			dependencies = (
				8A59B02B1ADD1C1900CCC4B6 /* PBXTargetDependency */,
			);
			name = week6labTests;
			productName = week6labTests;
			productReference = 8A59B0291ADD1C1900CCC4B6 /* week6labTests.xctest */;
			productType = "com.apple.product-type.bundle.unit-test";
		};
/* End PBXNativeTarget section */

/* Begin PBXProject section */
		8A59B0081ADD1C1900CCC4B6 /* Project object */ = {
			isa = PBXProject;
			attributes = {
				LastUpgradeCheck = 0620;
				ORGANIZATIONNAME = Xiaoduo;
				TargetAttributes = {
					8A59B00F1ADD1C1900CCC4B6 = {
						CreatedOnToolsVersion = 6.2;
					};
					8A59B0281ADD1C1900CCC4B6 = {
						CreatedOnToolsVersion = 6.2;
						TestTargetID = 8A59B00F1ADD1C1900CCC4B6;
					};
				};
			};
			buildConfigurationList = 8A59B00B1ADD1C1900CCC4B6 /* Build configuration list for PBXProject "week6lab" */;
			compatibilityVersion = "Xcode 3.2";
			developmentRegion = English;
			hasScannedForEncodings = 0;
			knownRegions = (
				en,
				Base,
			);
			mainGroup = 8A59B0071ADD1C1900CCC4B6;
			productRefGroup = 8A59B0111ADD1C1900CCC4B6 /* Products */;
			projectDirPath = "";
			projectRoot = "";
			targets = (
				8A59B00F1ADD1C1900CCC4B6 /* week6lab */,
				8A59B0281ADD1C1900CCC4B6 /* week6labTests */,
			);
		};
/* End PBXProject section */

/* Begin PBXResourcesBuildPhase section */
		8A59B00E1ADD1C1900CCC4B6 /* Resources */ = {
			isa = PBXResourcesBuildPhase;
			buildActionMask = 2147483647;
			files = (
				8A79C2B51ADE68CC00288875 /* emptybox.gif in Resources */,
				8A59B01F1ADD1C1900CCC4B6 /* Main.storyboard in Resources */,
				8A59B0241ADD1C1900CCC4B6 /* LaunchScreen.xib in Resources */,
				8A59B0211ADD1C1900CCC4B6 /* Images.xcassets in Resources */,
			);
			runOnlyForDeploymentPostprocessing = 0;
		};
		8A59B0271ADD1C1900CCC4B6 /* Resources */ = {
			isa = PBXResourcesBuildPhase;
			buildActionMask = 2147483647;
			files = (
			);
			runOnlyForDeploymentPostprocessing = 0;
		};
/* End PBXResourcesBuildPhase section */

/* Begin PBXSourcesBuildPhase section */
		8A59B00C1ADD1C1900CCC4B6 /* Sources */ = {
			isa = PBXSourcesBuildPhase;
			buildActionMask = 2147483647;
			files = (
				8A59B03B1ADD1C3A00CCC4B6 /* Article.m in Sources */,
				8A79C2B11ADE4FEB00288875 /* WebViewController.m in Sources */,
				8A59B01C1ADD1C1900CCC4B6 /* ViewController.m in Sources */,
				8A59B0411ADD1DEA00CCC4B6 /* ArticleCell.m in Sources */,
				8A59B0191ADD1C1900CCC4B6 /* AppDelegate.m in Sources */,
				8A59B0161ADD1C1900CCC4B6 /* main.m in Sources */,
				8A59B03E1ADD1DD200CCC4B6 /* NewsListViewController.m in Sources */,
			);
			runOnlyForDeploymentPostprocessing = 0;
		};
		8A59B0251ADD1C1900CCC4B6 /* Sources */ = {
			isa = PBXSourcesBuildPhase;
			buildActionMask = 2147483647;
			files = (
				8A59B0301ADD1C1900CCC4B6 /* week6labTests.m in Sources */,
			);
			runOnlyForDeploymentPostprocessing = 0;
		};
/* End PBXSourcesBuildPhase section */

/* Begin PBXTargetDependency section */
		8A59B02B1ADD1C1900CCC4B6 /* PBXTargetDependency */ = {
			isa = PBXTargetDependency;
			target = 8A59B00F1ADD1C1900CCC4B6 /* week6lab */;
			targetProxy = 8A59B02A1ADD1C1900CCC4B6 /* PBXContainerItemProxy */;
		};
/* End PBXTargetDependency section */

/* Begin PBXVariantGroup section */
		8A59B01D1ADD1C1900CCC4B6 /* Main.storyboard */ = {
			isa = PBXVariantGroup;
			children = (
				8A59B01E1ADD1C1900CCC4B6 /* Base */,
			);
			name = Main.storyboard;
			sourceTree = "<group>";
		};
		8A59B0221ADD1C1900CCC4B6 /* LaunchScreen.xib */ = {
			isa = PBXVariantGroup;
			children = (
				8A59B0231ADD1C1900CCC4B6 /* Base */,
			);
			name = LaunchScreen.xib;
			sourceTree = "<group>";
		};
/* End PBXVariantGroup section */

/* Begin XCBuildConfiguration section */
		8A59B0311ADD1C1900CCC4B6 /* Debug */ = {
			isa = XCBuildConfiguration;
			buildSettings = {
				ALWAYS_SEARCH_USER_PATHS = NO;
				CLANG_CXX_LANGUAGE_STANDARD = "gnu++0x";
				CLANG_CXX_LIBRARY = "libc++";
				CLANG_ENABLE_MODULES = YES;
				CLANG_ENABLE_OBJC_ARC = YES;
				CLANG_WARN_BOOL_CONVERSION = YES;
				CLANG_WARN_CONSTANT_CONVERSION = YES;
				CLANG_WARN_DIRECT_OBJC_ISA_USAGE = YES_ERROR;
				CLANG_WARN_EMPTY_BODY = YES;
				CLANG_WARN_ENUM_CONVERSION = YES;
				CLANG_WARN_INT_CONVERSION = YES;
				CLANG_WARN_OBJC_ROOT_CLASS = YES_ERROR;
				CLANG_WARN_UNREACHABLE_CODE = YES;
				CLANG_WARN__DUPLICATE_METHOD_MATCH = YES;
				"CODE_SIGN_IDENTITY[sdk=iphoneos*]" = "iPhone Developer";
				COPY_PHASE_STRIP = NO;
				ENABLE_STRICT_OBJC_MSGSEND = YES;
				GCC_C_LANGUAGE_STANDARD = gnu99;
				GCC_DYNAMIC_NO_PIC = NO;
				GCC_OPTIMIZATION_LEVEL = 0;
				GCC_PREPROCESSOR_DEFINITIONS = (
					"DEBUG=1",
					"$(inherited)",
				);
				GCC_SYMBOLS_PRIVATE_EXTERN = NO;
				GCC_WARN_64_TO_32_BIT_CONVERSION = YES;
				GCC_WARN_ABOUT_RETURN_TYPE = YES_ERROR;
				GCC_WARN_UNDECLARED_SELECTOR = YES;
				GCC_WARN_UNINITIALIZED_AUTOS = YES_AGGRESSIVE;
				GCC_WARN_UNUSED_FUNCTION = YES;
				GCC_WARN_UNUSED_VARIABLE = YES;
				IPHONEOS_DEPLOYMENT_TARGET = 8.2;
				MTL_ENABLE_DEBUG_INFO = YES;
				ONLY_ACTIVE_ARCH = YES;
				SDKROOT = iphoneos;
			};
			name = Debug;
		};
		8A59B0321ADD1C1900CCC4B6 /* Release */ = {
			isa = XCBuildConfiguration;
			buildSettings = {
				ALWAYS_SEARCH_USER_PATHS = NO;
				CLANG_CXX_LANGUAGE_STANDARD = "gnu++0x";
				CLANG_CXX_LIBRARY = "libc++";
				CLANG_ENABLE_MODULES = YES;
				CLANG_ENABLE_OBJC_ARC = YES;
				CLANG_WARN_BOOL_CONVERSION = YES;
				CLANG_WARN_CONSTANT_CONVERSION = YES;
				CLANG_WARN_DIRECT_OBJC_ISA_USAGE = YES_ERROR;
				CLANG_WARN_EMPTY_BODY = YES;
				CLANG_WARN_ENUM_CONVERSION = YES;
				CLANG_WARN_INT_CONVERSION = YES;
				CLANG_WARN_OBJC_ROOT_CLASS = YES_ERROR;
				CLANG_WARN_UNREACHABLE_CODE = YES;
				CLANG_WARN__DUPLICATE_METHOD_MATCH = YES;
				"CODE_SIGN_IDENTITY[sdk=iphoneos*]" = "iPhone Developer";
				COPY_PHASE_STRIP = NO;
				ENABLE_NS_ASSERTIONS = NO;
				ENABLE_STRICT_OBJC_MSGSEND = YES;
				GCC_C_LANGUAGE_STANDARD = gnu99;
				GCC_WARN_64_TO_32_BIT_CONVERSION = YES;
				GCC_WARN_ABOUT_RETURN_TYPE = YES_ERROR;
				GCC_WARN_UNDECLARED_SELECTOR = YES;
				GCC_WARN_UNINITIALIZED_AUTOS = YES_AGGRESSIVE;
				GCC_WARN_UNUSED_FUNCTION = YES;
				GCC_WARN_UNUSED_VARIABLE = YES;
				IPHONEOS_DEPLOYMENT_TARGET = 8.2;
				MTL_ENABLE_DEBUG_INFO = NO;
				SDKROOT = iphoneos;
				VALIDATE_PRODUCT = YES;
			};
			name = Release;
		};
		8A59B0341ADD1C1900CCC4B6 /* Debug */ = {
			isa = XCBuildConfiguration;
			buildSettings = {
				ASSETCATALOG_COMPILER_APPICON_NAME = AppIcon;
				INFOPLIST_FILE = week6lab/Info.plist;
				LD_RUNPATH_SEARCH_PATHS = "$(inherited) @executable_path/Frameworks";
				PRODUCT_NAME = "$(TARGET_NAME)";
			};
			name = Debug;
		};
		8A59B0351ADD1C1900CCC4B6 /* Release */ = {
			isa = XCBuildConfiguration;
			buildSettings = {
				ASSETCATALOG_COMPILER_APPICON_NAME = AppIcon;
				INFOPLIST_FILE = week6lab/Info.plist;
				LD_RUNPATH_SEARCH_PATHS = "$(inherited) @executable_path/Frameworks";
				PRODUCT_NAME = "$(TARGET_NAME)";
			};
			name = Release;
		};
		8A59B0371ADD1C1900CCC4B6 /* Debug */ = {
			isa = XCBuildConfiguration;
			buildSettings = {
				BUNDLE_LOADER = "$(TEST_HOST)";
				FRAMEWORK_SEARCH_PATHS = (
					"$(SDKROOT)/Developer/Library/Frameworks",
					"$(inherited)",
				);
				GCC_PREPROCESSOR_DEFINITIONS = (
					"DEBUG=1",
					"$(inherited)",
				);
				INFOPLIST_FILE = week6labTests/Info.plist;
				LD_RUNPATH_SEARCH_PATHS = "$(inherited) @executable_path/Frameworks @loader_path/Frameworks";
				PRODUCT_NAME = "$(TARGET_NAME)";
				TEST_HOST = "$(BUILT_PRODUCTS_DIR)/week6lab.app/week6lab";
			};
			name = Debug;
		};
		8A59B0381ADD1C1900CCC4B6 /* Release */ = {
			isa = XCBuildConfiguration;
			buildSettings = {
				BUNDLE_LOADER = "$(TEST_HOST)";
				FRAMEWORK_SEARCH_PATHS = (
					"$(SDKROOT)/Developer/Library/Frameworks",
					"$(inherited)",
				);
				INFOPLIST_FILE = week6labTests/Info.plist;
				LD_RUNPATH_SEARCH_PATHS = "$(inherited) @executable_path/Frameworks @loader_path/Frameworks";
				PRODUCT_NAME = "$(TARGET_NAME)";
				TEST_HOST = "$(BUILT_PRODUCTS_DIR)/week6lab.app/week6lab";
			};
			name = Release;
		};
/* End XCBuildConfiguration section */

/* Begin XCConfigurationList section */
		8A59B00B1ADD1C1900CCC4B6 /* Build configuration list for PBXProject "week6lab" */ = {
			isa = XCConfigurationList;
			buildConfigurations = (
				8A59B0311ADD1C1900CCC4B6 /* Debug */,
				8A59B0321ADD1C1900CCC4B6 /* Release */,
			);
			defaultConfigurationIsVisible = 0;
			defaultConfigurationName = Release;
		};
		8A59B0331ADD1C1900CCC4B6 /* Build configuration list for PBXNativeTarget "week6lab" */ = {
			isa = XCConfigurationList;
			buildConfigurations = (
				8A59B0341ADD1C1900CCC4B6 /* Debug */,
				8A59B0351ADD1C1900CCC4B6 /* Release */,
			);
			defaultConfigurationIsVisible = 0;
			defaultConfigurationName = Release;
		};
		8A59B0361ADD1C1900CCC4B6 /* Build configuration list for PBXNativeTarget "week6labTests" */ = {
			isa = XCConfigurationList;
			buildConfigurations = (
				8A59B0371ADD1C1900CCC4B6 /* Debug */,
				8A59B0381ADD1C1900CCC4B6 /* Release */,
			);
			defaultConfigurationIsVisible = 0;
			defaultConfigurationName = Release;
		};
/* End XCConfigurationList section */
	};
	rootObject = 8A59B0081ADD1C1900CCC4B6 /* Project object */;
}
